
Microsoft Visual Studio Solution File, Format Version 12.00
# Visual Studio Version 16
VisualStudioVersion = 16.0.31112.23
MinimumVisualStudioVersion = 10.0.40219.1
Project("{9A19103F-16F7-4668-BE54-9A1E7A4F7556}") = "NoteShared.Api", "NoteShared.Api\NoteShared.Api.csproj", "{53613C65-2B04-4B57-9682-CBF580CE7C8D}"
EndProject
Project("{9A19103F-16F7-4668-BE54-9A1E7A4F7556}") = "NoteShared.Infrastructure.Data", "NoteShared.Infrastructure.Data\NoteShared.Infrastructure.Data.csproj", "{A622421A-3D2C-4955-A7E8-873DF75E5639}"
EndProject
Project("{9A19103F-16F7-4668-BE54-9A1E7A4F7556}") = "NoteShared.Services", "NoteShared.Services\NoteShared.Services.csproj", "{1AEDE20B-7AC7-4892-B6F5-CAEE954D5D7B}"
EndProject
Project("{FAE04EC0-301F-11D3-BF4B-00C04F79EFBC}") = "NoteShared.DTO", "NoteShared.DTO\NoteShared.DTO.csproj", "{389F31F1-6E43-4700-85E8-35EF62990F5A}"
EndProject
Global
	GlobalSection(SolutionConfigurationPlatforms) = preSolution
		Debug|Any CPU = Debug|Any CPU
		Release|Any CPU = Release|Any CPU
	EndGlobalSection
	GlobalSection(ProjectConfigurationPlatforms) = postSolution
		{53613C65-2B04-4B57-9682-CBF580CE7C8D}.Debug|Any CPU.ActiveCfg = Debug|Any CPU
		{53613C65-2B04-4B57-9682-CBF580CE7C8D}.Debug|Any CPU.Build.0 = Debug|Any CPU
		{53613C65-2B04-4B57-9682-CBF580CE7C8D}.Release|Any CPU.ActiveCfg = Release|Any CPU
		{53613C65-2B04-4B57-9682-CBF580CE7C8D}.Release|Any CPU.Build.0 = Release|Any CPU
		{A622421A-3D2C-4955-A7E8-873DF75E5639}.Debug|Any CPU.ActiveCfg = Debug|Any CPU
		{A622421A-3D2C-4955-A7E8-873DF75E5639}.Debug|Any CPU.Build.0 = Debug|Any CPU
		{A622421A-3D2C-4955-A7E8-873DF75E5639}.Release|Any CPU.ActiveCfg = Release|Any CPU
		{A622421A-3D2C-4955-A7E8-873DF75E5639}.Release|Any CPU.Build.0 = Release|Any CPU
		{1AEDE20B-7AC7-4892-B6F5-CAEE954D5D7B}.Debug|Any CPU.ActiveCfg = Debug|Any CPU
		{1AEDE20B-7AC7-4892-B6F5-CAEE954D5D7B}.Debug|Any CPU.Build.0 = Debug|Any CPU
		{1AEDE20B-7AC7-4892-B6F5-CAEE954D5D7B}.Release|Any CPU.ActiveCfg = Release|Any CPU
		{1AEDE20B-7AC7-4892-B6F5-CAEE954D5D7B}.Release|Any CPU.Build.0 = Release|Any CPU
		{389F31F1-6E43-4700-85E8-35EF62990F5A}.Debug|Any CPU.ActiveCfg = Debug|Any CPU
		{389F31F1-6E43-4700-85E8-35EF62990F5A}.Debug|Any CPU.Build.0 = Debug|Any CPU
		{389F31F1-6E43-4700-85E8-35EF62990F5A}.Release|Any CPU.ActiveCfg = Release|Any CPU
		{389F31F1-6E43-4700-85E8-35EF62990F5A}.Release|Any CPU.Build.0 = Release|Any CPU
	EndGlobalSection
	GlobalSection(SolutionProperties) = preSolution
		HideSolutionNode = FALSE
	EndGlobalSection
	GlobalSection(ExtensibilityGlobals) = postSolution
		SolutionGuid = {1758D983-C4A7-4EBB-BFC2-91F9C263D7CF}
	EndGlobalSection
EndGlobal
